
Microsoft Visual Studio Solution File, Format Version 12.00
# Visual Studio 15
VisualStudioVersion = 15.0.27703.2047
MinimumVisualStudioVersion = 10.0.40219.1
Project("{F184B08F-C81C-45F6-A57F-5ABD9991F28F}") = "TestAddEdit", "TestAddEdit\TestAddEdit.vbproj", "{3ADC22B8-D978-469B-A267-B6FECC95DF39}"
EndProject
Global
	GlobalSection(SolutionConfigurationPlatforms) = preSolution
		Debug|Any CPU = Debug|Any CPU
		Release|Any CPU = Release|Any CPU
	EndGlobalSection
	GlobalSection(ProjectConfigurationPlatforms) = postSolution
		{3ADC22B8-D978-469B-A267-B6FECC95DF39}.Debug|Any CPU.ActiveCfg = Debug|Any CPU
		{3ADC22B8-D978-469B-A267-B6FECC95DF39}.Debug|Any CPU.Build.0 = Debug|Any CPU
		{3ADC22B8-D978-469B-A267-B6FECC95DF39}.Release|Any CPU.ActiveCfg = Release|Any CPU
		{3ADC22B8-D978-469B-A267-B6FECC95DF39}.Release|Any CPU.Build.0 = Release|Any CPU
	EndGlobalSection
	GlobalSection(SolutionProperties) = preSolution
		HideSolutionNode = FALSE
	EndGlobalSection
	GlobalSection(ExtensibilityGlobals) = postSolution
		SolutionGuid = {25B6871B-9E34-4D7A-A5A4-FFEA5DCFF55D}
	EndGlobalSection
EndGlobal
